
Microsoft Visual Studio Solution File, Format Version 12.00
# Visual Studio Version 17
VisualStudioVersion = 17.3.32901.215
MinimumVisualStudioVersion = 10.0.40219.1
Project("{FAE04EC0-301F-11D3-BF4B-00C04F79EFBC}") = "ThreadExample", "ThreadExample\ThreadExample.csproj", "{A0F01964-B9D4-49A1-85A1-C5FDCC1F0DD6}"
EndProject
Project("{FAE04EC0-301F-11D3-BF4B-00C04F79EFBC}") = "TCPEchoServerThread", "TCPEchoServerThread\TCPEchoServerThread.csproj", "{31D64E4C-2ED5-4ADE-8B72-84270B9C90A3}"
EndProject
Project("{FAE04EC0-301F-11D3-BF4B-00C04F79EFBC}") = "TCPEchoClientThread", "TCPEchoClientThread\TCPEchoClientThread.csproj", "{6522FFCF-8D11-476B-AAE9-836EB49D13F4}"
EndProject
Global
	GlobalSection(SolutionConfigurationPlatforms) = preSolution
		Debug|Any CPU = Debug|Any CPU
		Release|Any CPU = Release|Any CPU
	EndGlobalSection
	GlobalSection(ProjectConfigurationPlatforms) = postSolution
		{A0F01964-B9D4-49A1-85A1-C5FDCC1F0DD6}.Debug|Any CPU.ActiveCfg = Debug|Any CPU
		{A0F01964-B9D4-49A1-85A1-C5FDCC1F0DD6}.Debug|Any CPU.Build.0 = Debug|Any CPU
		{A0F01964-B9D4-49A1-85A1-C5FDCC1F0DD6}.Release|Any CPU.ActiveCfg = Release|Any CPU
		{A0F01964-B9D4-49A1-85A1-C5FDCC1F0DD6}.Release|Any CPU.Build.0 = Release|Any CPU
		{31D64E4C-2ED5-4ADE-8B72-84270B9C90A3}.Debug|Any CPU.ActiveCfg = Debug|Any CPU
		{31D64E4C-2ED5-4ADE-8B72-84270B9C90A3}.Debug|Any CPU.Build.0 = Debug|Any CPU
		{31D64E4C-2ED5-4ADE-8B72-84270B9C90A3}.Release|Any CPU.ActiveCfg = Release|Any CPU
		{31D64E4C-2ED5-4ADE-8B72-84270B9C90A3}.Release|Any CPU.Build.0 = Release|Any CPU
		{6522FFCF-8D11-476B-AAE9-836EB49D13F4}.Debug|Any CPU.ActiveCfg = Debug|Any CPU
		{6522FFCF-8D11-476B-AAE9-836EB49D13F4}.Debug|Any CPU.Build.0 = Debug|Any CPU
		{6522FFCF-8D11-476B-AAE9-836EB49D13F4}.Release|Any CPU.ActiveCfg = Release|Any CPU
		{6522FFCF-8D11-476B-AAE9-836EB49D13F4}.Release|Any CPU.Build.0 = Release|Any CPU
	EndGlobalSection
	GlobalSection(SolutionProperties) = preSolution
		HideSolutionNode = FALSE
	EndGlobalSection
	GlobalSection(ExtensibilityGlobals) = postSolution
		SolutionGuid = {FB16B6DD-B501-451D-A3DB-5A8A836E13A3}
	EndGlobalSection
EndGlobal
